
Microsoft Visual Studio Solution File, Format Version 12.00
# Visual Studio Version 17
VisualStudioVersion = 17.9.34902.65
MinimumVisualStudioVersion = 10.0.40219.1
Project("{8BC9CEB8-8B4A-11D0-8D11-00A0C91BC942}") = "hw2_strings", "hw2_strings.vcxproj", "{64A94731-E657-4F6F-B0F9-BD79FD59F1DE}"
EndProject
Global
	GlobalSection(SolutionConfigurationPlatforms) = preSolution
		Debug|x64 = Debug|x64
		Debug|x86 = Debug|x86
		Release|x64 = Release|x64
		Release|x86 = Release|x86
	EndGlobalSection
	GlobalSection(ProjectConfigurationPlatforms) = postSolution
		{64A94731-E657-4F6F-B0F9-BD79FD59F1DE}.Debug|x64.ActiveCfg = Debug|x64
		{64A94731-E657-4F6F-B0F9-BD79FD59F1DE}.Debug|x64.Build.0 = Debug|x64
		{64A94731-E657-4F6F-B0F9-BD79FD59F1DE}.Debug|x86.ActiveCfg = Debug|Win32
		{64A94731-E657-4F6F-B0F9-BD79FD59F1DE}.Debug|x86.Build.0 = Debug|Win32
		{64A94731-E657-4F6F-B0F9-BD79FD59F1DE}.Release|x64.ActiveCfg = Release|x64
		{64A94731-E657-4F6F-B0F9-BD79FD59F1DE}.Release|x64.Build.0 = Release|x64
		{64A94731-E657-4F6F-B0F9-BD79FD59F1DE}.Release|x86.ActiveCfg = Release|Win32
		{64A94731-E657-4F6F-B0F9-BD79FD59F1DE}.Release|x86.Build.0 = Release|Win32
	EndGlobalSection
	GlobalSection(SolutionProperties) = preSolution
		HideSolutionNode = FALSE
	EndGlobalSection
	GlobalSection(ExtensibilityGlobals) = postSolution
		SolutionGuid = {D96DF6C2-3831-4EF2-A182-F65977DA8604}
	EndGlobalSection
EndGlobal
